// !$*UTF8*$!
{
	archiveVersion = 1;
	classes = {
	};
	objectVersion = 56;
	objects = {

/* Begin PBXBuildFile section */
		873100EC2A32252B0054B4BD /* GridView.swift in Sources */ = {isa = PBXBuildFile; fileRef = 873100EB2A32252B0054B4BD /* GridView.swift */; };
		875397012A350C0500AFC620 /* PieChartView.swift in Sources */ = {isa = PBXBuildFile; fileRef = 875397002A350C0500AFC620 /* PieChartView.swift */; };
		875397032A39DA9800AFC620 /* EditableListView.swift in Sources */ = {isa = PBXBuildFile; fileRef = 875397022A39DA9700AFC620 /* EditableListView.swift */; };
		875991BF2A260D160096F540 /* ContextMenuView.swift in Sources */ = {isa = PBXBuildFile; fileRef = 875991BE2A260D160096F540 /* ContextMenuView.swift */; };
		875991C12A260E680096F540 /* DarkModeViews.swift in Sources */ = {isa = PBXBuildFile; fileRef = 875991C02A260E680096F540 /* DarkModeViews.swift */; };
		875991C52A2739920096F540 /* DarkPickerView.swift in Sources */ = {isa = PBXBuildFile; fileRef = 875991C42A2739920096F540 /* DarkPickerView.swift */; };
		8765F8E82A3B4E9C00F76593 /* ArchiveView.swift in Sources */ = {isa = PBXBuildFile; fileRef = 8765F8E72A3B4E9C00F76593 /* ArchiveView.swift */; };
		8765F8EA2A3C8E5300F76593 /* FacebookView.swift in Sources */ = {isa = PBXBuildFile; fileRef = 8765F8E92A3C8E5300F76593 /* FacebookView.swift */; };
		8765F8EC2A3C8F8900F76593 /* İnstagramView.swift in Sources */ = {isa = PBXBuildFile; fileRef = 8765F8EB2A3C8F8900F76593 /* İnstagramView.swift */; };
		876E98C92A2741A100C14839 /* ClockView.swift in Sources */ = {isa = PBXBuildFile; fileRef = 876E98C82A2741A100C14839 /* ClockView.swift */; };
		878957AA2A447CF000405312 /* instaMessage.swift in Sources */ = {isa = PBXBuildFile; fileRef = 878957A92A447CF000405312 /* instaMessage.swift */; };
		879D7D082A28BBA10097CA05 /* ApiCall.swift in Sources */ = {isa = PBXBuildFile; fileRef = 879D7D072A28BBA10097CA05 /* ApiCall.swift */; };
		879D7D0B2A2D20830097CA05 /* NavigateTolistView.swift in Sources */ = {isa = PBXBuildFile; fileRef = 879D7D0A2A2D20830097CA05 /* NavigateTolistView.swift */; };
		879D7D0D2A2E1A6A0097CA05 /* CardView.swift in Sources */ = {isa = PBXBuildFile; fileRef = 879D7D0C2A2E1A6A0097CA05 /* CardView.swift */; };
		87EA2DC42A3F5843004242FB /* tabView.swift in Sources */ = {isa = PBXBuildFile; fileRef = 87EA2DC32A3F5843004242FB /* tabView.swift */; };
		87EA2DC62A3F5DCB004242FB /* Tap geasuter.swift in Sources */ = {isa = PBXBuildFile; fileRef = 87EA2DC52A3F5DCB004242FB /* Tap geasuter.swift */; };
		87FAD14E2A25EF8700D80338 /* LessonsApp.swift in Sources */ = {isa = PBXBuildFile; fileRef = 87FAD14D2A25EF8700D80338 /* LessonsApp.swift */; };
		87FAD1502A25EF8700D80338 /* ContentView.swift in Sources */ = {isa = PBXBuildFile; fileRef = 87FAD14F2A25EF8700D80338 /* ContentView.swift */; };
		87FAD1522A25EF8900D80338 /* Assets.xcassets in Resources */ = {isa = PBXBuildFile; fileRef = 87FAD1512A25EF8900D80338 /* Assets.xcassets */; };
		87FAD1552A25EF8900D80338 /* Preview Assets.xcassets in Resources */ = {isa = PBXBuildFile; fileRef = 87FAD1542A25EF8900D80338 /* Preview Assets.xcassets */; };
		87FAD15C2A25F16200D80338 /* lessonsview.swift in Sources */ = {isa = PBXBuildFile; fileRef = 87FAD15B2A25F16200D80338 /* lessonsview.swift */; };
		87FAD15E2A25F4EB00D80338 /* AlertView.swift in Sources */ = {isa = PBXBuildFile; fileRef = 87FAD15D2A25F4EB00D80338 /* AlertView.swift */; };
		87FAD1622A25F9AE00D80338 /* Animation2.swift in Sources */ = {isa = PBXBuildFile; fileRef = 87FAD1612A25F9AE00D80338 /* Animation2.swift */; };
		87FAD1642A25FD2C00D80338 /* AppStorage.swift in Sources */ = {isa = PBXBuildFile; fileRef = 87FAD1632A25FD2C00D80338 /* AppStorage.swift */; };
		87FAD1662A25FF7D00D80338 /* ImageViewAsync.swift in Sources */ = {isa = PBXBuildFile; fileRef = 87FAD1652A25FF7D00D80338 /* ImageViewAsync.swift */; };
		87FAD1682A2600E200D80338 /* OverlayForBackgorund.swift in Sources */ = {isa = PBXBuildFile; fileRef = 87FAD1672A2600E200D80338 /* OverlayForBackgorund.swift */; };
		87FAD16A2A26022D00D80338 /* MaterialBgView.swift in Sources */ = {isa = PBXBuildFile; fileRef = 87FAD1692A26022D00D80338 /* MaterialBgView.swift */; };
		87FAD16C2A2604F700D80338 /* BadgesView.swift in Sources */ = {isa = PBXBuildFile; fileRef = 87FAD16B2A2604F700D80338 /* BadgesView.swift */; };
		87FAD16E2A26096100D80338 /* Binding.swift in Sources */ = {isa = PBXBuildFile; fileRef = 87FAD16D2A26096100D80338 /* Binding.swift */; };
		87FAD1722A260A3F00D80338 /* Buttons.swift in Sources */ = {isa = PBXBuildFile; fileRef = 87FAD1712A260A3F00D80338 /* Buttons.swift */; };
		87FAD1742A260AD900D80338 /* ColorPickerView.swift in Sources */ = {isa = PBXBuildFile; fileRef = 87FAD1732A260AD900D80338 /* ColorPickerView.swift */; };
/* End PBXBuildFile section */

/* Begin PBXFileReference section */
		873100EB2A32252B0054B4BD /* GridView.swift */ = {isa = PBXFileReference; lastKnownFileType = sourcecode.swift; path = GridView.swift; sourceTree = "<group>"; };
		875397002A350C0500AFC620 /* PieChartView.swift */ = {isa = PBXFileReference; lastKnownFileType = sourcecode.swift; path = PieChartView.swift; sourceTree = "<group>"; };
		875397022A39DA9700AFC620 /* EditableListView.swift */ = {isa = PBXFileReference; lastKnownFileType = sourcecode.swift; path = EditableListView.swift; sourceTree = "<group>"; };
		875991BE2A260D160096F540 /* ContextMenuView.swift */ = {isa = PBXFileReference; lastKnownFileType = sourcecode.swift; path = ContextMenuView.swift; sourceTree = "<group>"; };
		875991C02A260E680096F540 /* DarkModeViews.swift */ = {isa = PBXFileReference; lastKnownFileType = sourcecode.swift; path = DarkModeViews.swift; sourceTree = "<group>"; };
		875991C42A2739920096F540 /* DarkPickerView.swift */ = {isa = PBXFileReference; lastKnownFileType = sourcecode.swift; path = DarkPickerView.swift; sourceTree = "<group>"; };
		8765F8E72A3B4E9C00F76593 /* ArchiveView.swift */ = {isa = PBXFileReference; lastKnownFileType = sourcecode.swift; path = ArchiveView.swift; sourceTree = "<group>"; };
		8765F8E92A3C8E5300F76593 /* FacebookView.swift */ = {isa = PBXFileReference; lastKnownFileType = sourcecode.swift; path = FacebookView.swift; sourceTree = "<group>"; };
		8765F8EB2A3C8F8900F76593 /* İnstagramView.swift */ = {isa = PBXFileReference; lastKnownFileType = sourcecode.swift; path = "İnstagramView.swift"; sourceTree = "<group>"; };
		876E98C82A2741A100C14839 /* ClockView.swift */ = {isa = PBXFileReference; lastKnownFileType = sourcecode.swift; path = ClockView.swift; sourceTree = "<group>"; };
		878957A92A447CF000405312 /* instaMessage.swift */ = {isa = PBXFileReference; lastKnownFileType = sourcecode.swift; path = instaMessage.swift; sourceTree = "<group>"; };
		879D7D072A28BBA10097CA05 /* ApiCall.swift */ = {isa = PBXFileReference; lastKnownFileType = sourcecode.swift; path = ApiCall.swift; sourceTree = "<group>"; };
		879D7D0A2A2D20830097CA05 /* NavigateTolistView.swift */ = {isa = PBXFileReference; lastKnownFileType = sourcecode.swift; path = NavigateTolistView.swift; sourceTree = "<group>"; };
		879D7D0C2A2E1A6A0097CA05 /* CardView.swift */ = {isa = PBXFileReference; lastKnownFileType = sourcecode.swift; path = CardView.swift; sourceTree = "<group>"; };
		87EA2DC32A3F5843004242FB /* tabView.swift */ = {isa = PBXFileReference; lastKnownFileType = sourcecode.swift; path = tabView.swift; sourceTree = "<group>"; };
		87EA2DC52A3F5DCB004242FB /* Tap geasuter.swift */ = {isa = PBXFileReference; lastKnownFileType = sourcecode.swift; path = "Tap geasuter.swift"; sourceTree = "<group>"; };
		87FAD14A2A25EF8700D80338 /* Lessons.app */ = {isa = PBXFileReference; explicitFileType = wrapper.application; includeInIndex = 0; path = Lessons.app; sourceTree = BUILT_PRODUCTS_DIR; };
		87FAD14D2A25EF8700D80338 /* LessonsApp.swift */ = {isa = PBXFileReference; lastKnownFileType = sourcecode.swift; path = LessonsApp.swift; sourceTree = "<group>"; };
		87FAD14F2A25EF8700D80338 /* ContentView.swift */ = {isa = PBXFileReference; lastKnownFileType = sourcecode.swift; path = ContentView.swift; sourceTree = "<group>"; };
		87FAD1512A25EF8900D80338 /* Assets.xcassets */ = {isa = PBXFileReference; lastKnownFileType = folder.assetcatalog; path = Assets.xcassets; sourceTree = "<group>"; };
		87FAD1542A25EF8900D80338 /* Preview Assets.xcassets */ = {isa = PBXFileReference; lastKnownFileType = folder.assetcatalog; path = "Preview Assets.xcassets"; sourceTree = "<group>"; };
		87FAD15B2A25F16200D80338 /* lessonsview.swift */ = {isa = PBXFileReference; lastKnownFileType = sourcecode.swift; path = lessonsview.swift; sourceTree = "<group>"; };
		87FAD15D2A25F4EB00D80338 /* AlertView.swift */ = {isa = PBXFileReference; lastKnownFileType = sourcecode.swift; path = AlertView.swift; sourceTree = "<group>"; };
		87FAD1612A25F9AE00D80338 /* Animation2.swift */ = {isa = PBXFileReference; lastKnownFileType = sourcecode.swift; path = Animation2.swift; sourceTree = "<group>"; };
		87FAD1632A25FD2C00D80338 /* AppStorage.swift */ = {isa = PBXFileReference; lastKnownFileType = sourcecode.swift; path = AppStorage.swift; sourceTree = "<group>"; };
		87FAD1652A25FF7D00D80338 /* ImageViewAsync.swift */ = {isa = PBXFileReference; lastKnownFileType = sourcecode.swift; path = ImageViewAsync.swift; sourceTree = "<group>"; };
		87FAD1672A2600E200D80338 /* OverlayForBackgorund.swift */ = {isa = PBXFileReference; lastKnownFileType = sourcecode.swift; path = OverlayForBackgorund.swift; sourceTree = "<group>"; };
		87FAD1692A26022D00D80338 /* MaterialBgView.swift */ = {isa = PBXFileReference; lastKnownFileType = sourcecode.swift; path = MaterialBgView.swift; sourceTree = "<group>"; };
		87FAD16B2A2604F700D80338 /* BadgesView.swift */ = {isa = PBXFileReference; lastKnownFileType = sourcecode.swift; path = BadgesView.swift; sourceTree = "<group>"; };
		87FAD16D2A26096100D80338 /* Binding.swift */ = {isa = PBXFileReference; lastKnownFileType = sourcecode.swift; path = Binding.swift; sourceTree = "<group>"; };
		87FAD1712A260A3F00D80338 /* Buttons.swift */ = {isa = PBXFileReference; lastKnownFileType = sourcecode.swift; path = Buttons.swift; sourceTree = "<group>"; };
		87FAD1732A260AD900D80338 /* ColorPickerView.swift */ = {isa = PBXFileReference; lastKnownFileType = sourcecode.swift; path = ColorPickerView.swift; sourceTree = "<group>"; };
/* End PBXFileReference section */

/* Begin PBXFrameworksBuildPhase section */
		87FAD1472A25EF8700D80338 /* Frameworks */ = {
			isa = PBXFrameworksBuildPhase;
			buildActionMask = 2147483647;
			files = (
			);
			runOnlyForDeploymentPostprocessing = 0;
		};
/* End PBXFrameworksBuildPhase section */

/* Begin PBXGroup section */
		875991C32A2615210096F540 /* Views */ = {
			isa = PBXGroup;
			children = (
				875991C02A260E680096F540 /* DarkModeViews.swift */,
				87FAD15B2A25F16200D80338 /* lessonsview.swift */,
				87FAD15D2A25F4EB00D80338 /* AlertView.swift */,
				87FAD1612A25F9AE00D80338 /* Animation2.swift */,
				87FAD1632A25FD2C00D80338 /* AppStorage.swift */,
				87FAD1652A25FF7D00D80338 /* ImageViewAsync.swift */,
				87FAD1672A2600E200D80338 /* OverlayForBackgorund.swift */,
				87FAD1692A26022D00D80338 /* MaterialBgView.swift */,
				87FAD16B2A2604F700D80338 /* BadgesView.swift */,
				87FAD16D2A26096100D80338 /* Binding.swift */,
				87FAD1712A260A3F00D80338 /* Buttons.swift */,
				87FAD1732A260AD900D80338 /* ColorPickerView.swift */,
				875991BE2A260D160096F540 /* ContextMenuView.swift */,
				875991C42A2739920096F540 /* DarkPickerView.swift */,
				876E98C82A2741A100C14839 /* ClockView.swift */,
				879D7D0A2A2D20830097CA05 /* NavigateTolistView.swift */,
				879D7D0C2A2E1A6A0097CA05 /* CardView.swift */,
				873100EB2A32252B0054B4BD /* GridView.swift */,
				875397002A350C0500AFC620 /* PieChartView.swift */,
				875397022A39DA9700AFC620 /* EditableListView.swift */,
				8765F8E72A3B4E9C00F76593 /* ArchiveView.swift */,
				87EA2DC32A3F5843004242FB /* tabView.swift */,
				87EA2DC52A3F5DCB004242FB /* Tap geasuter.swift */,
			);
			path = Views;
			sourceTree = "<group>";
		};
		878957AB2A44852600405312 /* İnsta */ = {
			isa = PBXGroup;
			children = (
				8765F8EB2A3C8F8900F76593 /* İnstagramView.swift */,
				878957A92A447CF000405312 /* instaMessage.swift */,
			);
			name = "İnsta";
			path = "İnsta";
			sourceTree = "<group>";
		};
		879D7D092A28BC5B0097CA05 /* Level1Lessons */ = {
			isa = PBXGroup;
			children = (
			);
			path = Level1Lessons;
			sourceTree = "<group>";
		};
		87FAD1412A25EF8700D80338 = {
			isa = PBXGroup;
			children = (
				87FAD14C2A25EF8700D80338 /* Lessons */,
				87FAD14B2A25EF8700D80338 /* Products */,
			);
			sourceTree = "<group>";
		};
		87FAD14B2A25EF8700D80338 /* Products */ = {
			isa = PBXGroup;
			children = (
				87FAD14A2A25EF8700D80338 /* Lessons.app */,
			);
			name = Products;
			sourceTree = "<group>";
		};
		87FAD14C2A25EF8700D80338 /* Lessons */ = {
			isa = PBXGroup;
			children = (
				879D7D092A28BC5B0097CA05 /* Level1Lessons */,
				875991C32A2615210096F540 /* Views */,
				87FAD14D2A25EF8700D80338 /* LessonsApp.swift */,
				87FAD14F2A25EF8700D80338 /* ContentView.swift */,
				87FAD1512A25EF8900D80338 /* Assets.xcassets */,
				87FAD1532A25EF8900D80338 /* Preview Content */,
				879D7D072A28BBA10097CA05 /* ApiCall.swift */,
				8765F8E92A3C8E5300F76593 /* FacebookView.swift */,
				878957AB2A44852600405312 /* İnsta */,
			);
			path = Lessons;
			sourceTree = "<group>";
		};
		87FAD1532A25EF8900D80338 /* Preview Content */ = {
			isa = PBXGroup;
			children = (
				87FAD1542A25EF8900D80338 /* Preview Assets.xcassets */,
			);
			path = "Preview Content";
			sourceTree = "<group>";
		};
/* End PBXGroup section */

/* Begin PBXNativeTarget section */
		87FAD1492A25EF8700D80338 /* Lessons */ = {
			isa = PBXNativeTarget;
			buildConfigurationList = 87FAD1582A25EF8900D80338 /* Build configuration list for PBXNativeTarget "Lessons" */;
			buildPhases = (
				87FAD1462A25EF8700D80338 /* Sources */,
				87FAD1472A25EF8700D80338 /* Frameworks */,
				87FAD1482A25EF8700D80338 /* Resources */,
			);
			buildRules = (
			);
			dependencies = (
			);
			name = Lessons;
			productName = Lessons;
			productReference = 87FAD14A2A25EF8700D80338 /* Lessons.app */;
			productType = "com.apple.product-type.application";
		};
/* End PBXNativeTarget section */

/* Begin PBXProject section */
		87FAD1422A25EF8700D80338 /* Project object */ = {
			isa = PBXProject;
			attributes = {
				BuildIndependentTargetsInParallel = 1;
				LastSwiftUpdateCheck = 1410;
				LastUpgradeCheck = 1410;
				TargetAttributes = {
					87FAD1492A25EF8700D80338 = {
						CreatedOnToolsVersion = 14.1;
					};
				};
			};
			buildConfigurationList = 87FAD1452A25EF8700D80338 /* Build configuration list for PBXProject "Lessons" */;
			compatibilityVersion = "Xcode 14.0";
			developmentRegion = en;
			hasScannedForEncodings = 0;
			knownRegions = (
				en,
				Base,
			);
			mainGroup = 87FAD1412A25EF8700D80338;
			productRefGroup = 87FAD14B2A25EF8700D80338 /* Products */;
			projectDirPath = "";
			projectRoot = "";
			targets = (
				87FAD1492A25EF8700D80338 /* Lessons */,
			);
		};
/* End PBXProject section */

/* Begin PBXResourcesBuildPhase section */
		87FAD1482A25EF8700D80338 /* Resources */ = {
			isa = PBXResourcesBuildPhase;
			buildActionMask = 2147483647;
			files = (
				87FAD1552A25EF8900D80338 /* Preview Assets.xcassets in Resources */,
				87FAD1522A25EF8900D80338 /* Assets.xcassets in Resources */,
			);
			runOnlyForDeploymentPostprocessing = 0;
		};
/* End PBXResourcesBuildPhase section */

/* Begin PBXSourcesBuildPhase section */
		87FAD1462A25EF8700D80338 /* Sources */ = {
			isa = PBXSourcesBuildPhase;
			buildActionMask = 2147483647;
			files = (
				87FAD1502A25EF8700D80338 /* ContentView.swift in Sources */,
				87FAD15E2A25F4EB00D80338 /* AlertView.swift in Sources */,
				87EA2DC62A3F5DCB004242FB /* Tap geasuter.swift in Sources */,
				87FAD15C2A25F16200D80338 /* lessonsview.swift in Sources */,
				875991C12A260E680096F540 /* DarkModeViews.swift in Sources */,
				87FAD1722A260A3F00D80338 /* Buttons.swift in Sources */,
				87FAD1662A25FF7D00D80338 /* ImageViewAsync.swift in Sources */,
				87FAD1642A25FD2C00D80338 /* AppStorage.swift in Sources */,
				879D7D0B2A2D20830097CA05 /* NavigateTolistView.swift in Sources */,
				875991BF2A260D160096F540 /* ContextMenuView.swift in Sources */,
				87FAD1682A2600E200D80338 /* OverlayForBackgorund.swift in Sources */,
				8765F8EA2A3C8E5300F76593 /* FacebookView.swift in Sources */,
				8765F8E82A3B4E9C00F76593 /* ArchiveView.swift in Sources */,
				873100EC2A32252B0054B4BD /* GridView.swift in Sources */,
				875397032A39DA9800AFC620 /* EditableListView.swift in Sources */,
				87FAD16A2A26022D00D80338 /* MaterialBgView.swift in Sources */,
				875991C52A2739920096F540 /* DarkPickerView.swift in Sources */,
				878957AA2A447CF000405312 /* instaMessage.swift in Sources */,
				876E98C92A2741A100C14839 /* ClockView.swift in Sources */,
				875397012A350C0500AFC620 /* PieChartView.swift in Sources */,
				87EA2DC42A3F5843004242FB /* tabView.swift in Sources */,
				87FAD16E2A26096100D80338 /* Binding.swift in Sources */,
				879D7D0D2A2E1A6A0097CA05 /* CardView.swift in Sources */,
				87FAD1622A25F9AE00D80338 /* Animation2.swift in Sources */,
				87FAD1742A260AD900D80338 /* ColorPickerView.swift in Sources */,
				87FAD16C2A2604F700D80338 /* BadgesView.swift in Sources */,
				8765F8EC2A3C8F8900F76593 /* İnstagramView.swift in Sources */,
				879D7D082A28BBA10097CA05 /* ApiCall.swift in Sources */,
				87FAD14E2A25EF8700D80338 /* LessonsApp.swift in Sources */,
			);
			runOnlyForDeploymentPostprocessing = 0;
		};
/* End PBXSourcesBuildPhase section */

/* Begin XCBuildConfiguration section */
		87FAD1562A25EF8900D80338 /* Debug */ = {
			isa = XCBuildConfiguration;
			buildSettings = {
				ALWAYS_SEARCH_USER_PATHS = NO;
				CLANG_ANALYZER_NONNULL = YES;
				CLANG_ANALYZER_NUMBER_OBJECT_CONVERSION = YES_AGGRESSIVE;
				CLANG_CXX_LANGUAGE_STANDARD = "gnu++20";
				CLANG_ENABLE_MODULES = YES;
				CLANG_ENABLE_OBJC_ARC = YES;
				CLANG_ENABLE_OBJC_WEAK = YES;
				CLANG_WARN_BLOCK_CAPTURE_AUTORELEASING = YES;
				CLANG_WARN_BOOL_CONVERSION = YES;
				CLANG_WARN_COMMA = YES;
				CLANG_WARN_CONSTANT_CONVERSION = YES;
				CLANG_WARN_DEPRECATED_OBJC_IMPLEMENTATIONS = YES;
				CLANG_WARN_DIRECT_OBJC_ISA_USAGE = YES_ERROR;
				CLANG_WARN_DOCUMENTATION_COMMENTS = YES;
				CLANG_WARN_EMPTY_BODY = YES;
				CLANG_WARN_ENUM_CONVERSION = YES;
				CLANG_WARN_INFINITE_RECURSION = YES;
				CLANG_WARN_INT_CONVERSION = YES;
				CLANG_WARN_NON_LITERAL_NULL_CONVERSION = YES;
				CLANG_WARN_OBJC_IMPLICIT_RETAIN_SELF = YES;
				CLANG_WARN_OBJC_LITERAL_CONVERSION = YES;
				CLANG_WARN_OBJC_ROOT_CLASS = YES_ERROR;
				CLANG_WARN_QUOTED_INCLUDE_IN_FRAMEWORK_HEADER = YES;
				CLANG_WARN_RANGE_LOOP_ANALYSIS = YES;
				CLANG_WARN_STRICT_PROTOTYPES = YES;
				CLANG_WARN_SUSPICIOUS_MOVE = YES;
				CLANG_WARN_UNGUARDED_AVAILABILITY = YES_AGGRESSIVE;
				CLANG_WARN_UNREACHABLE_CODE = YES;
				CLANG_WARN__DUPLICATE_METHOD_MATCH = YES;
				COPY_PHASE_STRIP = NO;
				DEBUG_INFORMATION_FORMAT = dwarf;
				ENABLE_STRICT_OBJC_MSGSEND = YES;
				ENABLE_TESTABILITY = YES;
				GCC_C_LANGUAGE_STANDARD = gnu11;
				GCC_DYNAMIC_NO_PIC = NO;
				GCC_NO_COMMON_BLOCKS = YES;
				GCC_OPTIMIZATION_LEVEL = 0;
				GCC_PREPROCESSOR_DEFINITIONS = (
					"DEBUG=1",
					"$(inherited)",
				);
				GCC_WARN_64_TO_32_BIT_CONVERSION = YES;
				GCC_WARN_ABOUT_RETURN_TYPE = YES_ERROR;
				GCC_WARN_UNDECLARED_SELECTOR = YES;
				GCC_WARN_UNINITIALIZED_AUTOS = YES_AGGRESSIVE;
				GCC_WARN_UNUSED_FUNCTION = YES;
				GCC_WARN_UNUSED_VARIABLE = YES;
				IPHONEOS_DEPLOYMENT_TARGET = 16.1;
				MTL_ENABLE_DEBUG_INFO = INCLUDE_SOURCE;
				MTL_FAST_MATH = YES;
				ONLY_ACTIVE_ARCH = YES;
				SDKROOT = iphoneos;
				SWIFT_ACTIVE_COMPILATION_CONDITIONS = DEBUG;
				SWIFT_OPTIMIZATION_LEVEL = "-Onone";
			};
			name = Debug;
		};
		87FAD1572A25EF8900D80338 /* Release */ = {
			isa = XCBuildConfiguration;
			buildSettings = {
				ALWAYS_SEARCH_USER_PATHS = NO;
				CLANG_ANALYZER_NONNULL = YES;
				CLANG_ANALYZER_NUMBER_OBJECT_CONVERSION = YES_AGGRESSIVE;
				CLANG_CXX_LANGUAGE_STANDARD = "gnu++20";
				CLANG_ENABLE_MODULES = YES;
				CLANG_ENABLE_OBJC_ARC = YES;
				CLANG_ENABLE_OBJC_WEAK = YES;
				CLANG_WARN_BLOCK_CAPTURE_AUTORELEASING = YES;
				CLANG_WARN_BOOL_CONVERSION = YES;
				CLANG_WARN_COMMA = YES;
				CLANG_WARN_CONSTANT_CONVERSION = YES;
				CLANG_WARN_DEPRECATED_OBJC_IMPLEMENTATIONS = YES;
				CLANG_WARN_DIRECT_OBJC_ISA_USAGE = YES_ERROR;
				CLANG_WARN_DOCUMENTATION_COMMENTS = YES;
				CLANG_WARN_EMPTY_BODY = YES;
				CLANG_WARN_ENUM_CONVERSION = YES;
				CLANG_WARN_INFINITE_RECURSION = YES;
				CLANG_WARN_INT_CONVERSION = YES;
				CLANG_WARN_NON_LITERAL_NULL_CONVERSION = YES;
				CLANG_WARN_OBJC_IMPLICIT_RETAIN_SELF = YES;
				CLANG_WARN_OBJC_LITERAL_CONVERSION = YES;
				CLANG_WARN_OBJC_ROOT_CLASS = YES_ERROR;
				CLANG_WARN_QUOTED_INCLUDE_IN_FRAMEWORK_HEADER = YES;
				CLANG_WARN_RANGE_LOOP_ANALYSIS = YES;
				CLANG_WARN_STRICT_PROTOTYPES = YES;
				CLANG_WARN_SUSPICIOUS_MOVE = YES;
				CLANG_WARN_UNGUARDED_AVAILABILITY = YES_AGGRESSIVE;
				CLANG_WARN_UNREACHABLE_CODE = YES;
				CLANG_WARN__DUPLICATE_METHOD_MATCH = YES;
				COPY_PHASE_STRIP = NO;
				DEBUG_INFORMATION_FORMAT = "dwarf-with-dsym";
				ENABLE_NS_ASSERTIONS = NO;
				ENABLE_STRICT_OBJC_MSGSEND = YES;
				GCC_C_LANGUAGE_STANDARD = gnu11;
				GCC_NO_COMMON_BLOCKS = YES;
				GCC_WARN_64_TO_32_BIT_CONVERSION = YES;
				GCC_WARN_ABOUT_RETURN_TYPE = YES_ERROR;
				GCC_WARN_UNDECLARED_SELECTOR = YES;
				GCC_WARN_UNINITIALIZED_AUTOS = YES_AGGRESSIVE;
				GCC_WARN_UNUSED_FUNCTION = YES;
				GCC_WARN_UNUSED_VARIABLE = YES;
				IPHONEOS_DEPLOYMENT_TARGET = 16.1;
				MTL_ENABLE_DEBUG_INFO = NO;
				MTL_FAST_MATH = YES;
				SDKROOT = iphoneos;
				SWIFT_COMPILATION_MODE = wholemodule;
				SWIFT_OPTIMIZATION_LEVEL = "-O";
				VALIDATE_PRODUCT = YES;
			};
			name = Release;
		};
		87FAD1592A25EF8900D80338 /* Debug */ = {
			isa = XCBuildConfiguration;
			buildSettings = {
				ASSETCATALOG_COMPILER_APPICON_NAME = AppIcon;
				ASSETCATALOG_COMPILER_GLOBAL_ACCENT_COLOR_NAME = AccentColor;
				CODE_SIGN_STYLE = Automatic;
				CURRENT_PROJECT_VERSION = 1;
				DEVELOPMENT_ASSET_PATHS = "\"Lessons/Preview Content\"";
				DEVELOPMENT_TEAM = LS2YU2BWNL;
				ENABLE_PREVIEWS = YES;
				GENERATE_INFOPLIST_FILE = YES;
				INFOPLIST_KEY_UIApplicationSceneManifest_Generation = YES;
				INFOPLIST_KEY_UIApplicationSupportsIndirectInputEvents = YES;
				INFOPLIST_KEY_UILaunchScreen_Generation = YES;
				INFOPLIST_KEY_UISupportedInterfaceOrientations_iPad = "UIInterfaceOrientationPortrait UIInterfaceOrientationPortraitUpsideDown UIInterfaceOrientationLandscapeLeft UIInterfaceOrientationLandscapeRight";
				INFOPLIST_KEY_UISupportedInterfaceOrientations_iPhone = "UIInterfaceOrientationPortrait UIInterfaceOrientationLandscapeLeft UIInterfaceOrientationLandscapeRight";
				LD_RUNPATH_SEARCH_PATHS = (
					"$(inherited)",
					"@executable_path/Frameworks",
				);
				MARKETING_VERSION = 1.0;
				PRODUCT_BUNDLE_IDENTIFIER = TahaCaglar.Lessons;
				PRODUCT_NAME = "$(TARGET_NAME)";
				SWIFT_EMIT_LOC_STRINGS = YES;
				SWIFT_VERSION = 5.0;
				TARGETED_DEVICE_FAMILY = "1,2";
			};
			name = Debug;
		};
		87FAD15A2A25EF8900D80338 /* Release */ = {
			isa = XCBuildConfiguration;
			buildSettings = {
				ASSETCATALOG_COMPILER_APPICON_NAME = AppIcon;
				ASSETCATALOG_COMPILER_GLOBAL_ACCENT_COLOR_NAME = AccentColor;
				CODE_SIGN_STYLE = Automatic;
				CURRENT_PROJECT_VERSION = 1;
				DEVELOPMENT_ASSET_PATHS = "\"Lessons/Preview Content\"";
				DEVELOPMENT_TEAM = LS2YU2BWNL;
				ENABLE_PREVIEWS = YES;
				GENERATE_INFOPLIST_FILE = YES;
				INFOPLIST_KEY_UIApplicationSceneManifest_Generation = YES;
				INFOPLIST_KEY_UIApplicationSupportsIndirectInputEvents = YES;
				INFOPLIST_KEY_UILaunchScreen_Generation = YES;
				INFOPLIST_KEY_UISupportedInterfaceOrientations_iPad = "UIInterfaceOrientationPortrait UIInterfaceOrientationPortraitUpsideDown UIInterfaceOrientationLandscapeLeft UIInterfaceOrientationLandscapeRight";
				INFOPLIST_KEY_UISupportedInterfaceOrientations_iPhone = "UIInterfaceOrientationPortrait UIInterfaceOrientationLandscapeLeft UIInterfaceOrientationLandscapeRight";
				LD_RUNPATH_SEARCH_PATHS = (
					"$(inherited)",
					"@executable_path/Frameworks",
				);
				MARKETING_VERSION = 1.0;
				PRODUCT_BUNDLE_IDENTIFIER = TahaCaglar.Lessons;
				PRODUCT_NAME = "$(TARGET_NAME)";
				SWIFT_EMIT_LOC_STRINGS = YES;
				SWIFT_VERSION = 5.0;
				TARGETED_DEVICE_FAMILY = "1,2";
			};
			name = Release;
		};
/* End XCBuildConfiguration section */

/* Begin XCConfigurationList section */
		87FAD1452A25EF8700D80338 /* Build configuration list for PBXProject "Lessons" */ = {
			isa = XCConfigurationList;
			buildConfigurations = (
				87FAD1562A25EF8900D80338 /* Debug */,
				87FAD1572A25EF8900D80338 /* Release */,
			);
			defaultConfigurationIsVisible = 0;
			defaultConfigurationName = Release;
		};
		87FAD1582A25EF8900D80338 /* Build configuration list for PBXNativeTarget "Lessons" */ = {
			isa = XCConfigurationList;
			buildConfigurations = (
				87FAD1592A25EF8900D80338 /* Debug */,
				87FAD15A2A25EF8900D80338 /* Release */,
			);
			defaultConfigurationIsVisible = 0;
			defaultConfigurationName = Release;
		};
/* End XCConfigurationList section */
	};
	rootObject = 87FAD1422A25EF8700D80338 /* Project object */;
}
